
Microsoft Visual Studio Solution File, Format Version 12.00
# Visual Studio Version 17
VisualStudioVersion = 17.0.31903.59
MinimumVisualStudioVersion = 10.0.40219.1
Project("{FAE04EC0-301F-11D3-BF4B-00C04F79EFBC}") = "InnoWerks.Assemblers.Asm6502", "InnoWerks.Assemblers.Asm6502\InnoWerks.Assemblers.Asm6502.csproj", "{783926D7-3A40-43B9-BD99-A73FE8093225}"
EndProject
Project("{FAE04EC0-301F-11D3-BF4B-00C04F79EFBC}") = "InnoWerks.Assemblers.Tests", "InnoWerks.Assemblers.Tests\InnoWerks.Assemblers.Tests.csproj", "{D15A2A9C-73CA-4713-8016-286825099741}"
EndProject
Project("{FAE04EC0-301F-11D3-BF4B-00C04F79EFBC}") = "InnoWerks.Simulators.Sim6502", "InnoWerks.Simulators.Sim6502\InnoWerks.Simulators.Sim6502.csproj", "{E2586706-4E3A-4465-B828-A020FF224DB8}"
EndProject
Project("{FAE04EC0-301F-11D3-BF4B-00C04F79EFBC}") = "InnoWerks.Simulators.Tests", "InnoWerks.Simulators.Tests\InnoWerks.Simulators.Tests.csproj", "{3BEBC05E-5658-408B-B93F-84C0A6028570}"
EndProject
Project("{FAE04EC0-301F-11D3-BF4B-00C04F79EFBC}") = "InnoWerks.Processors.Tests", "InnoWerks.Processors.Tests\InnoWerks.Processors.Tests.csproj", "{A6D2D56E-58BC-43EE-9FDE-9E06FBCB0F47}"
EndProject
Project("{FAE04EC0-301F-11D3-BF4B-00C04F79EFBC}") = "InnoWerks.Processors", "InnoWerks.Processors\InnoWerks.Processors.csproj", "{5493E5EE-318F-45AD-B89B-7599859E425C}"
EndProject
Project("{FAE04EC0-301F-11D3-BF4B-00C04F79EFBC}") = "InnoWerks.Disassemblers.Dasm6502", "InnoWerks.Disassemblers.Dasm6502\InnoWerks.Disassemblers.Dasm6502.csproj", "{107E911B-B675-4088-A33D-57A0A0532DA6}"
EndProject
Project("{FAE04EC0-301F-11D3-BF4B-00C04F79EFBC}") = "Asm6502", "Asm6502\Asm6502.csproj", "{4A28DE34-268B-48FD-9AAB-2D7655846229}"
EndProject
Project("{FAE04EC0-301F-11D3-BF4B-00C04F79EFBC}") = "Sim6502", "Sim6502\Sim6502.csproj", "{79DA2127-349D-4170-A358-EFFBC54AF1BA}"
EndProject
Project("{FAE04EC0-301F-11D3-BF4B-00C04F79EFBC}") = "Dasm6502", "Dasm6502\Dasm6502.csproj", "{3DD35F4E-CE14-4E94-B9D4-4A390653CA21}"
EndProject
Project("{FAE04EC0-301F-11D3-BF4B-00C04F79EFBC}") = "Emu6502", "Emu6502\Emu6502.csproj", "{27C99F65-5F2C-445A-9444-CFC2A392C17A}"
EndProject
Global
	GlobalSection(SolutionConfigurationPlatforms) = preSolution
		Debug|Any CPU = Debug|Any CPU
		Release|Any CPU = Release|Any CPU
	EndGlobalSection
	GlobalSection(SolutionProperties) = preSolution
		HideSolutionNode = FALSE
	EndGlobalSection
	GlobalSection(ProjectConfigurationPlatforms) = postSolution
		{783926D7-3A40-43B9-BD99-A73FE8093225}.Debug|Any CPU.ActiveCfg = Debug|Any CPU
		{783926D7-3A40-43B9-BD99-A73FE8093225}.Debug|Any CPU.Build.0 = Debug|Any CPU
		{783926D7-3A40-43B9-BD99-A73FE8093225}.Release|Any CPU.ActiveCfg = Release|Any CPU
		{783926D7-3A40-43B9-BD99-A73FE8093225}.Release|Any CPU.Build.0 = Release|Any CPU
		{D15A2A9C-73CA-4713-8016-286825099741}.Debug|Any CPU.ActiveCfg = Debug|Any CPU
		{D15A2A9C-73CA-4713-8016-286825099741}.Debug|Any CPU.Build.0 = Debug|Any CPU
		{D15A2A9C-73CA-4713-8016-286825099741}.Release|Any CPU.ActiveCfg = Release|Any CPU
		{D15A2A9C-73CA-4713-8016-286825099741}.Release|Any CPU.Build.0 = Release|Any CPU
		{3BEBC05E-5658-408B-B93F-84C0A6028570}.Debug|Any CPU.ActiveCfg = Debug|Any CPU
		{3BEBC05E-5658-408B-B93F-84C0A6028570}.Debug|Any CPU.Build.0 = Debug|Any CPU
		{3BEBC05E-5658-408B-B93F-84C0A6028570}.Release|Any CPU.ActiveCfg = Release|Any CPU
		{3BEBC05E-5658-408B-B93F-84C0A6028570}.Release|Any CPU.Build.0 = Release|Any CPU
		{4A28DE34-268B-48FD-9AAB-2D7655846229}.Debug|Any CPU.ActiveCfg = Debug|Any CPU
		{4A28DE34-268B-48FD-9AAB-2D7655846229}.Debug|Any CPU.Build.0 = Debug|Any CPU
		{4A28DE34-268B-48FD-9AAB-2D7655846229}.Release|Any CPU.ActiveCfg = Release|Any CPU
		{4A28DE34-268B-48FD-9AAB-2D7655846229}.Release|Any CPU.Build.0 = Release|Any CPU
		{79DA2127-349D-4170-A358-EFFBC54AF1BA}.Debug|Any CPU.ActiveCfg = Debug|Any CPU
		{79DA2127-349D-4170-A358-EFFBC54AF1BA}.Debug|Any CPU.Build.0 = Debug|Any CPU
		{79DA2127-349D-4170-A358-EFFBC54AF1BA}.Release|Any CPU.ActiveCfg = Release|Any CPU
		{79DA2127-349D-4170-A358-EFFBC54AF1BA}.Release|Any CPU.Build.0 = Release|Any CPU
		{A6D2D56E-58BC-43EE-9FDE-9E06FBCB0F47}.Debug|Any CPU.ActiveCfg = Debug|Any CPU
		{A6D2D56E-58BC-43EE-9FDE-9E06FBCB0F47}.Debug|Any CPU.Build.0 = Debug|Any CPU
		{A6D2D56E-58BC-43EE-9FDE-9E06FBCB0F47}.Release|Any CPU.ActiveCfg = Release|Any CPU
		{A6D2D56E-58BC-43EE-9FDE-9E06FBCB0F47}.Release|Any CPU.Build.0 = Release|Any CPU
		{5493E5EE-318F-45AD-B89B-7599859E425C}.Debug|Any CPU.ActiveCfg = Debug|Any CPU
		{5493E5EE-318F-45AD-B89B-7599859E425C}.Debug|Any CPU.Build.0 = Debug|Any CPU
		{5493E5EE-318F-45AD-B89B-7599859E425C}.Release|Any CPU.ActiveCfg = Release|Any CPU
		{5493E5EE-318F-45AD-B89B-7599859E425C}.Release|Any CPU.Build.0 = Release|Any CPU
		{E2586706-4E3A-4465-B828-A020FF224DB8}.Debug|Any CPU.ActiveCfg = Debug|Any CPU
		{E2586706-4E3A-4465-B828-A020FF224DB8}.Debug|Any CPU.Build.0 = Debug|Any CPU
		{E2586706-4E3A-4465-B828-A020FF224DB8}.Release|Any CPU.ActiveCfg = Release|Any CPU
		{E2586706-4E3A-4465-B828-A020FF224DB8}.Release|Any CPU.Build.0 = Release|Any CPU
		{107E911B-B675-4088-A33D-57A0A0532DA6}.Debug|Any CPU.ActiveCfg = Debug|Any CPU
		{107E911B-B675-4088-A33D-57A0A0532DA6}.Debug|Any CPU.Build.0 = Debug|Any CPU
		{107E911B-B675-4088-A33D-57A0A0532DA6}.Release|Any CPU.ActiveCfg = Release|Any CPU
		{107E911B-B675-4088-A33D-57A0A0532DA6}.Release|Any CPU.Build.0 = Release|Any CPU
		{3DD35F4E-CE14-4E94-B9D4-4A390653CA21}.Debug|Any CPU.ActiveCfg = Debug|Any CPU
		{3DD35F4E-CE14-4E94-B9D4-4A390653CA21}.Debug|Any CPU.Build.0 = Debug|Any CPU
		{3DD35F4E-CE14-4E94-B9D4-4A390653CA21}.Release|Any CPU.ActiveCfg = Release|Any CPU
		{3DD35F4E-CE14-4E94-B9D4-4A390653CA21}.Release|Any CPU.Build.0 = Release|Any CPU
		{27C99F65-5F2C-445A-9444-CFC2A392C17A}.Debug|Any CPU.ActiveCfg = Debug|Any CPU
		{27C99F65-5F2C-445A-9444-CFC2A392C17A}.Debug|Any CPU.Build.0 = Debug|Any CPU
		{27C99F65-5F2C-445A-9444-CFC2A392C17A}.Release|Any CPU.ActiveCfg = Release|Any CPU
		{27C99F65-5F2C-445A-9444-CFC2A392C17A}.Release|Any CPU.Build.0 = Release|Any CPU
	EndGlobalSection
EndGlobal
