
Microsoft Visual Studio Solution File, Format Version 12.00
# Visual Studio Version 17
VisualStudioVersion = 17.0.31903.59
MinimumVisualStudioVersion = 10.0.40219.1
Project("{FAE04EC0-301F-11D3-BF4B-00C04F79EFBC}") = "InnoWerks.Assemblers.Asm6502", "InnoWerks.Assemblers.Asm6502\InnoWerks.Assemblers.Asm6502.csproj", "{12BEC0F4-159D-40E7-B9C7-A6427D03D4F7}"
EndProject
Project("{FAE04EC0-301F-11D3-BF4B-00C04F79EFBC}") = "InnoWerks.Assemblers.Tests", "InnoWerks.Assemblers.Tests\InnoWerks.Assemblers.Tests.csproj", "{18D587D3-67DB-44DF-9A27-6E9CCEBA875B}"
EndProject
Project("{FAE04EC0-301F-11D3-BF4B-00C04F79EFBC}") = "Asm6502", "Asm6502\Asm6502.csproj", "{A383E0E5-3136-432F-BA3E-5E9662111782}"
EndProject
Global
	GlobalSection(SolutionConfigurationPlatforms) = preSolution
		Debug|Any CPU = Debug|Any CPU
		Release|Any CPU = Release|Any CPU
	EndGlobalSection
	GlobalSection(SolutionProperties) = preSolution
		HideSolutionNode = FALSE
	EndGlobalSection
	GlobalSection(ProjectConfigurationPlatforms) = postSolution
		{12BEC0F4-159D-40E7-B9C7-A6427D03D4F7}.Debug|Any CPU.ActiveCfg = Debug|Any CPU
		{12BEC0F4-159D-40E7-B9C7-A6427D03D4F7}.Debug|Any CPU.Build.0 = Debug|Any CPU
		{12BEC0F4-159D-40E7-B9C7-A6427D03D4F7}.Release|Any CPU.ActiveCfg = Release|Any CPU
		{12BEC0F4-159D-40E7-B9C7-A6427D03D4F7}.Release|Any CPU.Build.0 = Release|Any CPU
		{18D587D3-67DB-44DF-9A27-6E9CCEBA875B}.Debug|Any CPU.ActiveCfg = Debug|Any CPU
		{18D587D3-67DB-44DF-9A27-6E9CCEBA875B}.Debug|Any CPU.Build.0 = Debug|Any CPU
		{18D587D3-67DB-44DF-9A27-6E9CCEBA875B}.Release|Any CPU.ActiveCfg = Release|Any CPU
		{18D587D3-67DB-44DF-9A27-6E9CCEBA875B}.Release|Any CPU.Build.0 = Release|Any CPU
		{A383E0E5-3136-432F-BA3E-5E9662111782}.Debug|Any CPU.ActiveCfg = Debug|Any CPU
		{A383E0E5-3136-432F-BA3E-5E9662111782}.Debug|Any CPU.Build.0 = Debug|Any CPU
		{A383E0E5-3136-432F-BA3E-5E9662111782}.Release|Any CPU.ActiveCfg = Release|Any CPU
		{A383E0E5-3136-432F-BA3E-5E9662111782}.Release|Any CPU.Build.0 = Release|Any CPU
	EndGlobalSection
EndGlobal
