
Microsoft Visual Studio Solution File, Format Version 12.00
# Visual Studio Version 17
VisualStudioVersion = 17.0.31903.59
MinimumVisualStudioVersion = 10.0.40219.1
Project("{FAE04EC0-301F-11D3-BF4B-00C04F79EFBC}") = "InnoWerks.Simulators.Sim6502", "Simulator\InnoWerks.Simulators.Sim6502.csproj", "{F8941BEF-4747-4EA7-9DA7-2E2C6FC09847}"
EndProject
Project("{FAE04EC0-301F-11D3-BF4B-00C04F79EFBC}") = "InnoWerks.Simulators.Driver", "Driver\InnoWerks.Simulators.Driver.csproj", "{73184401-CA72-404D-AEA6-10657E29F090}"
EndProject
Project("{FAE04EC0-301F-11D3-BF4B-00C04F79EFBC}") = "InnoWerks.Simulators.Tests", "Tests\InnoWerks.Simulators.Tests.csproj", "{30A6DBCF-CC6B-46C0-862E-B8231215DF92}"
EndProject
Project("{FAE04EC0-301F-11D3-BF4B-00C04F79EFBC}") = "InnoWerks.Simulators.MathTester", "MathTester\InnoWerks.Simulators.MathTester.csproj", "{5554C67E-5188-481F-AD0D-FFC129DBF6A0}"
EndProject
Global
	GlobalSection(SolutionConfigurationPlatforms) = preSolution
		Debug|Any CPU = Debug|Any CPU
		Release|Any CPU = Release|Any CPU
	EndGlobalSection
	GlobalSection(SolutionProperties) = preSolution
		HideSolutionNode = FALSE
	EndGlobalSection
	GlobalSection(ProjectConfigurationPlatforms) = postSolution
		{F8941BEF-4747-4EA7-9DA7-2E2C6FC09847}.Debug|Any CPU.ActiveCfg = Debug|Any CPU
		{F8941BEF-4747-4EA7-9DA7-2E2C6FC09847}.Debug|Any CPU.Build.0 = Debug|Any CPU
		{F8941BEF-4747-4EA7-9DA7-2E2C6FC09847}.Release|Any CPU.ActiveCfg = Release|Any CPU
		{F8941BEF-4747-4EA7-9DA7-2E2C6FC09847}.Release|Any CPU.Build.0 = Release|Any CPU
		{73184401-CA72-404D-AEA6-10657E29F090}.Debug|Any CPU.ActiveCfg = Debug|Any CPU
		{73184401-CA72-404D-AEA6-10657E29F090}.Debug|Any CPU.Build.0 = Debug|Any CPU
		{73184401-CA72-404D-AEA6-10657E29F090}.Release|Any CPU.ActiveCfg = Release|Any CPU
		{73184401-CA72-404D-AEA6-10657E29F090}.Release|Any CPU.Build.0 = Release|Any CPU
		{30A6DBCF-CC6B-46C0-862E-B8231215DF92}.Debug|Any CPU.ActiveCfg = Debug|Any CPU
		{30A6DBCF-CC6B-46C0-862E-B8231215DF92}.Debug|Any CPU.Build.0 = Debug|Any CPU
		{30A6DBCF-CC6B-46C0-862E-B8231215DF92}.Release|Any CPU.ActiveCfg = Release|Any CPU
		{30A6DBCF-CC6B-46C0-862E-B8231215DF92}.Release|Any CPU.Build.0 = Release|Any CPU
		{5554C67E-5188-481F-AD0D-FFC129DBF6A0}.Debug|Any CPU.ActiveCfg = Debug|Any CPU
		{5554C67E-5188-481F-AD0D-FFC129DBF6A0}.Debug|Any CPU.Build.0 = Debug|Any CPU
		{5554C67E-5188-481F-AD0D-FFC129DBF6A0}.Release|Any CPU.ActiveCfg = Release|Any CPU
		{5554C67E-5188-481F-AD0D-FFC129DBF6A0}.Release|Any CPU.Build.0 = Release|Any CPU
	EndGlobalSection
EndGlobal
