
Microsoft Visual Studio Solution File, Format Version 12.00
# Visual Studio Version 17
VisualStudioVersion = 17.5.002.0
MinimumVisualStudioVersion = 10.0.40219.1
Project("{9A19103F-16F7-4668-BE54-9A1E7A4F7556}") = "InnoWerks.Simulators", "InnoWerks.Simulators.csproj", "{EC1C4649-5C93-4577-9892-2C0F648018BD}"
EndProject
Global
	GlobalSection(SolutionConfigurationPlatforms) = preSolution
		Debug|Any CPU = Debug|Any CPU
		Release|Any CPU = Release|Any CPU
	EndGlobalSection
	GlobalSection(ProjectConfigurationPlatforms) = postSolution
		{EC1C4649-5C93-4577-9892-2C0F648018BD}.Debug|Any CPU.ActiveCfg = Debug|Any CPU
		{EC1C4649-5C93-4577-9892-2C0F648018BD}.Debug|Any CPU.Build.0 = Debug|Any CPU
		{EC1C4649-5C93-4577-9892-2C0F648018BD}.Release|Any CPU.ActiveCfg = Release|Any CPU
		{EC1C4649-5C93-4577-9892-2C0F648018BD}.Release|Any CPU.Build.0 = Release|Any CPU
	EndGlobalSection
	GlobalSection(SolutionProperties) = preSolution
		HideSolutionNode = FALSE
	EndGlobalSection
	GlobalSection(ExtensibilityGlobals) = postSolution
		SolutionGuid = {376DDF24-0884-4424-AD42-D1D94128F594}
	EndGlobalSection
EndGlobal
